
Microsoft Visual Studio Solution File, Format Version 12.00
# Visual Studio Version 17
VisualStudioVersion = 17.0.31903.59
MinimumVisualStudioVersion = 10.0.40219.1
Project("{9A19103F-16F7-4668-BE54-9A1E7A4F7556}") = "Eonix.ConsoleApplication", "Eonix.ConsoleApplication\Eonix.ConsoleApplication.csproj", "{A34ACE85-B715-4B0E-AEDB-624B43F286EE}"
EndProject
Project("{FAE04EC0-301F-11D3-BF4B-00C04F79EFBC}") = "Eonix.ConsoleApplication.Tests", "Eonix.ConsoleApplication.Tests\Eonix.ConsoleApplication.Tests.csproj", "{557828A7-CCE6-49E2-9B89-B3374572AA21}"
EndProject
Global
	GlobalSection(SolutionConfigurationPlatforms) = preSolution
		Debug|Any CPU = Debug|Any CPU
		Release|Any CPU = Release|Any CPU
	EndGlobalSection
	GlobalSection(ProjectConfigurationPlatforms) = postSolution
		{A34ACE85-B715-4B0E-AEDB-624B43F286EE}.Debug|Any CPU.ActiveCfg = Debug|Any CPU
		{A34ACE85-B715-4B0E-AEDB-624B43F286EE}.Debug|Any CPU.Build.0 = Debug|Any CPU
		{A34ACE85-B715-4B0E-AEDB-624B43F286EE}.Release|Any CPU.ActiveCfg = Release|Any CPU
		{A34ACE85-B715-4B0E-AEDB-624B43F286EE}.Release|Any CPU.Build.0 = Release|Any CPU
		{557828A7-CCE6-49E2-9B89-B3374572AA21}.Debug|Any CPU.ActiveCfg = Debug|Any CPU
		{557828A7-CCE6-49E2-9B89-B3374572AA21}.Debug|Any CPU.Build.0 = Debug|Any CPU
		{557828A7-CCE6-49E2-9B89-B3374572AA21}.Release|Any CPU.ActiveCfg = Release|Any CPU
		{557828A7-CCE6-49E2-9B89-B3374572AA21}.Release|Any CPU.Build.0 = Release|Any CPU
	EndGlobalSection
	GlobalSection(SolutionProperties) = preSolution
		HideSolutionNode = FALSE
	EndGlobalSection
	GlobalSection(ExtensibilityGlobals) = postSolution
		SolutionGuid = {34A1590B-99AA-41FD-84DF-FF07750D02A1}
	EndGlobalSection
EndGlobal
